# THIS IS AN AUTOGENERATED FILE. DO NOT EDIT THIS FILE DIRECTLY.
# yarn lockfile v1


"@bazel/bazelisk@latest":
  version "1.7.5"
  resolved "https://registry.yarnpkg.com/@bazel/bazelisk/-/bazelisk-1.7.5.tgz#dd1a52e3d23464f72de55aa3dc4777847fa85373"
  integrity sha512-JHwP9JhfZUSoj4sku471Bjw4uE773U2Agujnx0CdPkeRk25khy1l3VyjaPaHB+z1fmMnM6ED3M7tetQUsovUQg==

"@bazel/buildifier@4.0.1":
  version "4.0.1"
  resolved "https://registry.yarnpkg.com/@bazel/buildifier/-/buildifier-4.0.1.tgz#52cfbad5cbb86e9183a29dde2370cd465730ea0d"
  integrity sha512-BTmtvJbeeEVrqRApI1gr5hvPgYcHLpdGJ5EXNXEWO692ztMPSj5fB/dH0xUlaW45jn6LimYx8ymqTMhj3538og==

"@bazel/esbuild@^3.2.1":
  version "3.2.1"
  resolved "https://registry.yarnpkg.com/@bazel/esbuild/-/esbuild-3.2.1.tgz#bbd530bd2283c67276f432c51080e61331436fdc"
  integrity sha512-8Y2Vd9KMxWfL9KzF9qbrUGHJZiJsee6xpT+dUCd29zYJA9Ddu4WCeNtS24Ejbm1y3NUgGPXh1nLgTQ/yIfCYng==

"@bazel/ibazel@latest":
  version "0.14.0"
  resolved "https://registry.yarnpkg.com/@bazel/ibazel/-/ibazel-0.14.0.tgz#86fa0002bed2ce1123b7ad98d4dd4623a0d93244"
  integrity sha512-s0gyec6lArcRDwVfIP6xpY8iEaFpzrSpyErSppd3r2O49pOEg7n6HGS/qJ8ncvme56vrDk6crl/kQ6VAdEO+rg==

"@bazel/typescript@^3.2.1":
  version "3.2.1"
  resolved "https://registry.yarnpkg.com/@bazel/typescript/-/typescript-3.2.1.tgz#564849e2f05387612d13ef64304b7a7582bd107a"
  integrity sha512-2KgMqKcbqL89WWWVC2iwTCS0tMWmQ4LpQgFhaF3Lp56Edl0nv/fy0TOu+waw2Qs2rTBbTVKhk5/9DRiqJmOd2g==
  dependencies:
    protobufjs "6.8.8"
    semver "5.6.0"
    source-map-support "0.5.9"
    tsutils "2.27.2"

"@fastify/forwarded@^1.0.0":
  version "1.0.0"
  resolved "https://registry.yarnpkg.com/@fastify/forwarded/-/forwarded-1.0.0.tgz#cc4a3bc1f02856e56e67d6d655026e8d8c2e7429"
  integrity sha512-VoO+6WD0aRz8bwgJZ8pkkxjq7o/782cQ1j945HWg0obZMgIadYW3Pew0+an+k1QL7IPZHM3db5WF6OP6x4ymMA==

"@fastify/proxy-addr@^3.0.0":
  version "3.0.0"
  resolved "https://registry.yarnpkg.com/@fastify/proxy-addr/-/proxy-addr-3.0.0.tgz#7d3bb6474a01b206010329291f4edf6af8af582d"
  integrity sha512-ty7wnUd/GeSqKTC2Jozsl5xGbnxUnEFC0On2/zPv/8ixywipQmVZwuWvNGnBoitJ2wixwVqofwXNua8j6Y62lQ==
  dependencies:
    "@fastify/forwarded" "^1.0.0"
    ipaddr.js "^2.0.0"

"@pixi/accessibility@5.3.8":
  version "5.3.8"
  resolved "https://registry.yarnpkg.com/@pixi/accessibility/-/accessibility-5.3.8.tgz#c80a5a0849b82dc97b52bbe8e65ebef61ec8a6ff"
  integrity sha512-DBkUUPIDfaw1hXFLTOsmZ401JSyu286rS2UB79ClxvVtDfGI7pR+Hgq1PuNeoQSiO9Db32W4grvuxYTulO2jkQ==
  dependencies:
    "@pixi/core" "5.3.8"
    "@pixi/display" "5.3.8"
    "@pixi/utils" "5.3.8"

"@pixi/app@5.3.8":
  version "5.3.8"
  resolved "https://registry.yarnpkg.com/@pixi/app/-/app-5.3.8.tgz#e13d36fa5fc2b1e052a81ce67f053a0bec8504f3"
  integrity sha512-eekP/tIPlERZOiWOCVKgOCc66JoAHDP7yT9DBw2LtCKswvP83iwN0PX5YR/u6Z05kUW5y8t4bigfLqEqc4uChw==
  dependencies:
    "@pixi/core" "5.3.8"
    "@pixi/display" "5.3.8"

"@pixi/constants@5.3.8":
  version "5.3.8"
  resolved "https://registry.yarnpkg.com/@pixi/constants/-/constants-5.3.8.tgz#3777b268feab6a5636bb8508fbbaad41c0b30874"
  integrity sha512-vTkgBgiox2pLj2ZK/X37O6rFjsLic6CYa+rSCCMo8lCwipG/dgizYoAVIsmZy30tFgg1xYzI6qOw3MSVXupp8Q==

"@pixi/core@5.3.8":
  version "5.3.8"
  resolved "https://registry.yarnpkg.com/@pixi/core/-/core-5.3.8.tgz#28e6348b5f99aa2cfc9483796219dd379a858b36"
  integrity sha512-mbl7//UbNaIZJbS8R8g5o6cHAMW7xaJWW/dNazSJ9057Fpq5g3e3E2rreNTEILfC29cxm2sXDmgK5a9agoqJaA==
  dependencies:
    "@pixi/constants" "5.3.8"
    "@pixi/math" "5.3.8"
    "@pixi/runner" "5.3.8"
    "@pixi/settings" "5.3.8"
    "@pixi/ticker" "5.3.8"
    "@pixi/utils" "5.3.8"

"@pixi/display@5.3.8":
  version "5.3.8"
  resolved "https://registry.yarnpkg.com/@pixi/display/-/display-5.3.8.tgz#4a351f834af249a02928a9fbee61b31edb9c977c"
  integrity sha512-ch7g63ox3iow/NEGbrArLfUMJVLVF+FpdFAp72uEweIzlcyzOQV6AcQTHtiRy4+tM6LdlcLSJXJISqGKt2R0Dg==
  dependencies:
    "@pixi/math" "5.3.8"
    "@pixi/settings" "5.3.8"
    "@pixi/utils" "5.3.8"

"@pixi/extract@5.3.8":
  version "5.3.8"
  resolved "https://registry.yarnpkg.com/@pixi/extract/-/extract-5.3.8.tgz#851a8b346993b920f46a9b3c67611464e7aa7d28"
  integrity sha512-z09D+5qmGQilbBXhR3xlZCixkTb6+1bSo6jGsbQxpu3xaF0ogh1HB76SJ2Wi1vwba9Q/PMb6RlawdEAg+sRFMg==
  dependencies:
    "@pixi/core" "5.3.8"
    "@pixi/math" "5.3.8"
    "@pixi/utils" "5.3.8"

"@pixi/filter-alpha@5.3.8":
  version "5.3.8"
  resolved "https://registry.yarnpkg.com/@pixi/filter-alpha/-/filter-alpha-5.3.8.tgz#2a2d878071833e8e781af4cf136bbce822ba2a57"
  integrity sha512-4vOmuWDLBiMbdQ2S3PmxzrzpPOrlzZVZ8iPEkQrBCYZ4dIuZY7NaV+9tneIK66dDfVI6OA8Ai304LH22nhC81Q==
  dependencies:
    "@pixi/core" "5.3.8"

"@pixi/filter-blur@5.3.8":
  version "5.3.8"
  resolved "https://registry.yarnpkg.com/@pixi/filter-blur/-/filter-blur-5.3.8.tgz#1a1c573f98f6d8e1d3cde5ef980f296a7a052e23"
  integrity sha512-biNqbfFIDbvOJJ+NiE9G0XojnuMQqtbcaDIiOScRoY3o3yCMjjcUxUMYrZ4xnTGGtEH23OKGUTZVf53qTQ4wiw==
  dependencies:
    "@pixi/core" "5.3.8"
    "@pixi/settings" "5.3.8"

"@pixi/filter-color-matrix@5.3.8":
  version "5.3.8"
  resolved "https://registry.yarnpkg.com/@pixi/filter-color-matrix/-/filter-color-matrix-5.3.8.tgz#24d254587159cf4cb46386df4c89bb9d0686163c"
  integrity sha512-0Ag08uPKVoHWQSAIhS27Bs/b50NVMZ+3fUdNg9jgyrRthD/Uc2ljfkIJRa95Mj31YJBS15Giu4BGfefpe1i3zw==
  dependencies:
    "@pixi/core" "5.3.8"

"@pixi/filter-displacement@5.3.8":
  version "5.3.8"
  resolved "https://registry.yarnpkg.com/@pixi/filter-displacement/-/filter-displacement-5.3.8.tgz#d184ab5a637382b4473462e2f4a21d8ef9f67861"
  integrity sha512-OQYBK3oOId8VZV7KRYYdt196EYsG0cjAmQQT7P3/IETLIP6Mba+Bd/GtyxGEIBHcb7R5DebuvN4sVQtNgkRKlw==
  dependencies:
    "@pixi/core" "5.3.8"
    "@pixi/math" "5.3.8"

"@pixi/filter-fxaa@5.3.8":
  version "5.3.8"
  resolved "https://registry.yarnpkg.com/@pixi/filter-fxaa/-/filter-fxaa-5.3.8.tgz#dbf954b9cb999aa60ecfe254062a178afd1fbd79"
  integrity sha512-eOfrp46AEjkAM1U+6k9Ga/5ezEwr1+7yGS3VijZBHntZTYKFhmGGOXrQxxL4KuslrfTV/smAflEr22U+A2H98A==
  dependencies:
    "@pixi/core" "5.3.8"

"@pixi/filter-noise@5.3.8":
  version "5.3.8"
  resolved "https://registry.yarnpkg.com/@pixi/filter-noise/-/filter-noise-5.3.8.tgz#1a927ba9ba3ce73434a939543571579d82e3c569"
  integrity sha512-+MOz3GpB9XpH7d0B/HAz8zOp164UMKnE64Q9QI094X4KjXWj24RKZea8xFcOaOy9xKi57qqyo+3pLwqFB8ffsw==
  dependencies:
    "@pixi/core" "5.3.8"

"@pixi/graphics@5.3.8":
  version "5.3.8"
  resolved "https://registry.yarnpkg.com/@pixi/graphics/-/graphics-5.3.8.tgz#7cf8b6f9fc7c5b503dc0dec2f6650803a8f89ded"
  integrity sha512-auqwS6ZnDlNoerddLCoMpEzgq0o09WHH7XxwfTK75hJwBaFX1RO/nasfvCx2wAtWZxAYCaABfR8WnWZfrsBSqA==
  dependencies:
    "@pixi/constants" "5.3.8"
    "@pixi/core" "5.3.8"
    "@pixi/display" "5.3.8"
    "@pixi/math" "5.3.8"
    "@pixi/sprite" "5.3.8"
    "@pixi/utils" "5.3.8"

"@pixi/interaction@5.3.8":
  version "5.3.8"
  resolved "https://registry.yarnpkg.com/@pixi/interaction/-/interaction-5.3.8.tgz#12fd73162326fbb4fbc35ad76a2cb343981846cb"
  integrity sha512-i9KS9TNVK/PEwyjZH2iqui9xroy0R48u/QL4Q8+VQpwbeDlz+WlPWoW5R7rpUwtHd9H6mLWpGR3sdWOmS7fMsA==
  dependencies:
    "@pixi/core" "5.3.8"
    "@pixi/display" "5.3.8"
    "@pixi/math" "5.3.8"
    "@pixi/ticker" "5.3.8"
    "@pixi/utils" "5.3.8"

"@pixi/loaders@5.3.8":
  version "5.3.8"
  resolved "https://registry.yarnpkg.com/@pixi/loaders/-/loaders-5.3.8.tgz#78a53a137972dc78d66891f602fd2e80bdddc93a"
  integrity sha512-0M2e/gkBBqJW695wz9DcsYN7IY992FKqb9uOEhFFjCn2bkK9WsR6M/JBvTlTk4LOvEg81b1/J51bkucpXWx1Cg==
  dependencies:
    "@pixi/core" "5.3.8"
    "@pixi/utils" "5.3.8"
    resource-loader "^3.0.1"

"@pixi/math@5.3.8":
  version "5.3.8"
  resolved "https://registry.yarnpkg.com/@pixi/math/-/math-5.3.8.tgz#fe9081709806e20ee778e04cf4f5e281062d9f74"
  integrity sha512-MZekzC9W391KU2NyzbRHrgYfjPKguzU5cRLbaEw9dgDabLh3/Yzob1KVg8dngIITPbi5yBmoX7zh7ZHEA1NRPQ==

"@pixi/mesh-extras@5.3.8":
  version "5.3.8"
  resolved "https://registry.yarnpkg.com/@pixi/mesh-extras/-/mesh-extras-5.3.8.tgz#d040044aab1951cebfc67bc7b94caf62b8de6405"
  integrity sha512-+lHcmvslKsmlixiJW87/t5diRy7p+tvqQbXMG4/3Vzv3dBEGq453hMIknlLr2xLGyzBtboCHObzwKfeE4tvHTw==
  dependencies:
    "@pixi/constants" "5.3.8"
    "@pixi/core" "5.3.8"
    "@pixi/math" "5.3.8"
    "@pixi/mesh" "5.3.8"
    "@pixi/utils" "5.3.8"

"@pixi/mesh@5.3.8":
  version "5.3.8"
  resolved "https://registry.yarnpkg.com/@pixi/mesh/-/mesh-5.3.8.tgz#e5a6ef1f0beadd948c143de4370c6fd5bd5e2430"
  integrity sha512-/CQdTypiLgSZqKx9z89cJlLQ8/FaUrc8M3HjmL8Vy5F320ERCR1YLDc6gOzyohK71wDxkUud5VbNz5woQVSBxw==
  dependencies:
    "@pixi/constants" "5.3.8"
    "@pixi/core" "5.3.8"
    "@pixi/display" "5.3.8"
    "@pixi/math" "5.3.8"
    "@pixi/settings" "5.3.8"
    "@pixi/utils" "5.3.8"

"@pixi/mixin-cache-as-bitmap@5.3.8":
  version "5.3.8"
  resolved "https://registry.yarnpkg.com/@pixi/mixin-cache-as-bitmap/-/mixin-cache-as-bitmap-5.3.8.tgz#f614e4007f2ab1ad557b0e1949280118cca245a9"
  integrity sha512-Y4z3yvMldRUU99I+FBOl+j+TCq7CXN2ysNED/vMD2YpfilS2/8dQcAqRNEOBXCdSixd6+QHBuc0+PWR6M7irKg==
  dependencies:
    "@pixi/core" "5.3.8"
    "@pixi/display" "5.3.8"
    "@pixi/math" "5.3.8"
    "@pixi/settings" "5.3.8"
    "@pixi/sprite" "5.3.8"
    "@pixi/utils" "5.3.8"

"@pixi/mixin-get-child-by-name@5.3.8":
  version "5.3.8"
  resolved "https://registry.yarnpkg.com/@pixi/mixin-get-child-by-name/-/mixin-get-child-by-name-5.3.8.tgz#f487942d2ab8a64f7a4b5adce2a6e390970a4f75"
  integrity sha512-6Z4C2SucwC1w2xa260VxU+uIkP8FhwnZWDfY0rxyxecWxvkM7ULsIU9szoUYUJvLJnpxRi4Xb6rXNPxXyzis9Q==
  dependencies:
    "@pixi/display" "5.3.8"

"@pixi/mixin-get-global-position@5.3.8":
  version "5.3.8"
  resolved "https://registry.yarnpkg.com/@pixi/mixin-get-global-position/-/mixin-get-global-position-5.3.8.tgz#ac927fcec19913b48c2aee2db53d185e4b572a64"
  integrity sha512-o2ZKmTxDvoibGBZ8LP3qJZ3cHe7L447qsuHPPLYOPmA5hqG49YchwmKMwV6tn96C8yDECaVn429Hu5hZEI7UlA==
  dependencies:
    "@pixi/display" "5.3.8"
    "@pixi/math" "5.3.8"

"@pixi/particles@5.3.8":
  version "5.3.8"
  resolved "https://registry.yarnpkg.com/@pixi/particles/-/particles-5.3.8.tgz#6ca5f9c8ea58be91fdddfd76ef1a6e37ea3add72"
  integrity sha512-XAehJJ9SsLwlZF1Qkkir0ejPZ0YgCg8MbxzmrxBUbhH1NyHJLFm+K2S7Bp12FdR/hZwTENF7GMGVRH+o86u3hw==
  dependencies:
    "@pixi/constants" "5.3.8"
    "@pixi/core" "5.3.8"
    "@pixi/display" "5.3.8"
    "@pixi/math" "5.3.8"
    "@pixi/utils" "5.3.8"

"@pixi/polyfill@5.3.8":
  version "5.3.8"
  resolved "https://registry.yarnpkg.com/@pixi/polyfill/-/polyfill-5.3.8.tgz#425433c95f91615136e456fe8448b230a3fcc8cc"
  integrity sha512-AIXfAjYD7dfP2C+TX3482YterwGE876amqmk6EzMZCI3vvsvDJUGT/Dx6lSOU5zbcUbJ9t3Ybz81xQYpaEhv/Q==
  dependencies:
    es6-promise-polyfill "^1.2.0"
    object-assign "^4.1.1"

"@pixi/prepare@5.3.8":
  version "5.3.8"
  resolved "https://registry.yarnpkg.com/@pixi/prepare/-/prepare-5.3.8.tgz#451183c43611c06adc10afaa28d8e54aa67b19ee"
  integrity sha512-DbYxQdziypsdQJaRKwdmODkIy2mQHETEFlVWou0XwVy+WB8VBlSnHZ57cVEY8l6Z0hJ93Vo4K6j5qIRi9MRjJA==
  dependencies:
    "@pixi/core" "5.3.8"
    "@pixi/display" "5.3.8"
    "@pixi/graphics" "5.3.8"
    "@pixi/settings" "5.3.8"
    "@pixi/text" "5.3.8"
    "@pixi/ticker" "5.3.8"

"@pixi/runner@5.3.8":
  version "5.3.8"
  resolved "https://registry.yarnpkg.com/@pixi/runner/-/runner-5.3.8.tgz#6d6d36c2d573f490d7ed68dae9ddcc3063b5be77"
  integrity sha512-6Y9v9OHd5FFv6s0M4AGHnG3qvLiTBM5T5RnlEqMNMsqH6CWSDq0mNJA5HQD65q5ViK8HM6MYPm2nwwkYq5AICQ==

"@pixi/settings@5.3.8":
  version "5.3.8"
  resolved "https://registry.yarnpkg.com/@pixi/settings/-/settings-5.3.8.tgz#58275eae1ced5dc47c76f9cd22e33bbf71f1cd0e"
  integrity sha512-/NSd9v6+IbG3GjzIoNwy7rgPg6kwwWy54pcaiM3Wv3zjkwhkVySK4m3h892Wa2z5lFvrHEH9zewGJwEpUH/FMA==
  dependencies:
    ismobilejs "^1.1.0"

"@pixi/sprite-animated@5.3.8":
  version "5.3.8"
  resolved "https://registry.yarnpkg.com/@pixi/sprite-animated/-/sprite-animated-5.3.8.tgz#e6588f28320d7cb10d97cb186d63ff7e3da55bd3"
  integrity sha512-zLnzmCJJ++Hyyy1LPh5Lt4icPuy8C+vL59yVj3nAYzqq/G26rFuHELexB0iwKBPE9yQYuaUQhFgOPgW4vFqLAw==
  dependencies:
    "@pixi/core" "5.3.8"
    "@pixi/sprite" "5.3.8"
    "@pixi/ticker" "5.3.8"

"@pixi/sprite-tiling@5.3.8":
  version "5.3.8"
  resolved "https://registry.yarnpkg.com/@pixi/sprite-tiling/-/sprite-tiling-5.3.8.tgz#08f35ce57be2c2b8e294a6eb3830cb279b94c243"
  integrity sha512-SvCAvajihsaNx/xX4s6waEqPLVkI5W86h31kpoqdPj3zXhoLbpZh6t2TWbcRJmgjM1GvBNy14gWtelBq8UF7Mg==
  dependencies:
    "@pixi/constants" "5.3.8"
    "@pixi/core" "5.3.8"
    "@pixi/display" "5.3.8"
    "@pixi/math" "5.3.8"
    "@pixi/sprite" "5.3.8"
    "@pixi/utils" "5.3.8"

"@pixi/sprite@5.3.8":
  version "5.3.8"
  resolved "https://registry.yarnpkg.com/@pixi/sprite/-/sprite-5.3.8.tgz#6cfb06f6c27555d9043b0422f48a641f6794ce24"
  integrity sha512-r+WeX5cti3VKu6U+hZeSiY4UC8912FjNU7M5bA/gev9CfUKv3fNwKYshPfzOkTPua8dFwI1U6tplYu5rSPMBmw==
  dependencies:
    "@pixi/constants" "5.3.8"
    "@pixi/core" "5.3.8"
    "@pixi/display" "5.3.8"
    "@pixi/math" "5.3.8"
    "@pixi/settings" "5.3.8"
    "@pixi/utils" "5.3.8"

"@pixi/spritesheet@5.3.8":
  version "5.3.8"
  resolved "https://registry.yarnpkg.com/@pixi/spritesheet/-/spritesheet-5.3.8.tgz#66b22c5342e394a51f844d872191bee6e8c81c9f"
  integrity sha512-KqTsW2LViI1UjZTycfI0x3m+yZqV8zfIm/CiDAmtujUPAu8sU78jzByc8ke7FaFC6waDsfAKTKu4fBqSu7aH1w==
  dependencies:
    "@pixi/core" "5.3.8"
    "@pixi/loaders" "5.3.8"
    "@pixi/math" "5.3.8"
    "@pixi/utils" "5.3.8"

"@pixi/text-bitmap@5.3.8":
  version "5.3.8"
  resolved "https://registry.yarnpkg.com/@pixi/text-bitmap/-/text-bitmap-5.3.8.tgz#7b991bb28b6879478e9a031ffc15164efd79f0f7"
  integrity sha512-jJVAc/y7Mo/DLw8n14A1AFmhQe8rw5d+vCg/1k4hw0Oru4l2QU/8AA940kPeuky4Sj0hMLf9UWAS6A3gOo5ZTA==
  dependencies:
    "@pixi/core" "5.3.8"
    "@pixi/display" "5.3.8"
    "@pixi/loaders" "5.3.8"
    "@pixi/math" "5.3.8"
    "@pixi/mesh" "5.3.8"
    "@pixi/settings" "5.3.8"
    "@pixi/text" "5.3.8"
    "@pixi/utils" "5.3.8"

"@pixi/text@5.3.8":
  version "5.3.8"
  resolved "https://registry.yarnpkg.com/@pixi/text/-/text-5.3.8.tgz#4cee2526fe25798f4ea4d1f7a6e89485e5ddc588"
  integrity sha512-qarv4kXSrtroJy5dbmF0Vld7L8teeQxsV5N1g1Fjhi4uUCb43ioR9euBHIjju33kOLDYYXXw6L78XIe/cW6nIw==
  dependencies:
    "@pixi/core" "5.3.8"
    "@pixi/math" "5.3.8"
    "@pixi/settings" "5.3.8"
    "@pixi/sprite" "5.3.8"
    "@pixi/utils" "5.3.8"

"@pixi/ticker@5.3.8":
  version "5.3.8"
  resolved "https://registry.yarnpkg.com/@pixi/ticker/-/ticker-5.3.8.tgz#dc4be5db117a15c72f9e99076b674e09a9d7ecbd"
  integrity sha512-WoVi8btR0X2/fXJgt/oRy2gm32ECnibqUkxl0MOcLuxg7cHDZKFA5PwNK/eIx5hZZ2xM/ztoPtEohWV6LqLryw==
  dependencies:
    "@pixi/settings" "5.3.8"

"@pixi/utils@5.3.8":
  version "5.3.8"
  resolved "https://registry.yarnpkg.com/@pixi/utils/-/utils-5.3.8.tgz#ea4d55e59362270b74d9d80d3cd2a3ec9d2da708"
  integrity sha512-LljIFFOFcXLyLzXqIYwcXUqz6NsAUbwxb7Som9Gm3i1usGIqPRX4R08Iaf4L6OKA7417gSrRmbYdT0Hje/0ikA==
  dependencies:
    "@pixi/constants" "5.3.8"
    "@pixi/settings" "5.3.8"
    earcut "^2.1.5"
    eventemitter3 "^3.1.0"
    url "^0.11.0"

"@protobufjs/aspromise@^1.1.1", "@protobufjs/aspromise@^1.1.2":
  version "1.1.2"
  resolved "https://registry.yarnpkg.com/@protobufjs/aspromise/-/aspromise-1.1.2.tgz#9b8b0cc663d669a7d8f6f5d0893a14d348f30fbf"
  integrity sha1-m4sMxmPWaafY9vXQiToU00jzD78=

"@protobufjs/base64@^1.1.2":
  version "1.1.2"
  resolved "https://registry.yarnpkg.com/@protobufjs/base64/-/base64-1.1.2.tgz#4c85730e59b9a1f1f349047dbf24296034bb2735"
  integrity sha512-AZkcAA5vnN/v4PDqKyMR5lx7hZttPDgClv83E//FMNhR2TMcLUhfRUBHCmSl0oi9zMgDDqRUJkSxO3wm85+XLg==

"@protobufjs/codegen@^2.0.4":
  version "2.0.4"
  resolved "https://registry.yarnpkg.com/@protobufjs/codegen/-/codegen-2.0.4.tgz#7ef37f0d010fb028ad1ad59722e506d9262815cb"
  integrity sha512-YyFaikqM5sH0ziFZCN3xDC7zeGaB/d0IUb9CATugHWbd1FRFwWwt4ld4OYMPWu5a3Xe01mGAULCdqhMlPl29Jg==

"@protobufjs/eventemitter@^1.1.0":
  version "1.1.0"
  resolved "https://registry.yarnpkg.com/@protobufjs/eventemitter/-/eventemitter-1.1.0.tgz#355cbc98bafad5978f9ed095f397621f1d066b70"
  integrity sha1-NVy8mLr61ZePntCV85diHx0Ga3A=

"@protobufjs/fetch@^1.1.0":
  version "1.1.0"
  resolved "https://registry.yarnpkg.com/@protobufjs/fetch/-/fetch-1.1.0.tgz#ba99fb598614af65700c1619ff06d454b0d84c45"
  integrity sha1-upn7WYYUr2VwDBYZ/wbUVLDYTEU=
  dependencies:
    "@protobufjs/aspromise" "^1.1.1"
    "@protobufjs/inquire" "^1.1.0"

"@protobufjs/float@^1.0.2":
  version "1.0.2"
  resolved "https://registry.yarnpkg.com/@protobufjs/float/-/float-1.0.2.tgz#5e9e1abdcb73fc0a7cb8b291df78c8cbd97b87d1"
  integrity sha1-Xp4avctz/Ap8uLKR33jIy9l7h9E=

"@protobufjs/inquire@^1.1.0":
  version "1.1.0"
  resolved "https://registry.yarnpkg.com/@protobufjs/inquire/-/inquire-1.1.0.tgz#ff200e3e7cf2429e2dcafc1140828e8cc638f089"
  integrity sha1-/yAOPnzyQp4tyvwRQIKOjMY48Ik=

"@protobufjs/path@^1.1.2":
  version "1.1.2"
  resolved "https://registry.yarnpkg.com/@protobufjs/path/-/path-1.1.2.tgz#6cc2b20c5c9ad6ad0dccfd21ca7673d8d7fbf68d"
  integrity sha1-bMKyDFya1q0NzP0hynZz2Nf79o0=

"@protobufjs/pool@^1.1.0":
  version "1.1.0"
  resolved "https://registry.yarnpkg.com/@protobufjs/pool/-/pool-1.1.0.tgz#09fd15f2d6d3abfa9b65bc366506d6ad7846ff54"
  integrity sha1-Cf0V8tbTq/qbZbw2ZQbWrXhG/1Q=

"@protobufjs/utf8@^1.1.0":
  version "1.1.0"
  resolved "https://registry.yarnpkg.com/@protobufjs/utf8/-/utf8-1.1.0.tgz#a777360b5b39a1a2e5106f8e858f2fd2d060c570"
  integrity sha1-p3c2C1s5oaLlEG+OhY8v0tBgxXA=

"@types/long@^4.0.0":
  version "4.0.1"
  resolved "https://registry.yarnpkg.com/@types/long/-/long-4.0.1.tgz#459c65fa1867dafe6a8f322c4c51695663cc55e9"
  integrity sha512-5tXH6Bx/kNGd3MgffdmP4dy2Z+G4eaXw0SE81Tq3BNadtnMR5/ySMzX4SLEzHJzSmPNn4HIdpQsBvXMUykr58w==

"@types/node@^10.1.0":
  version "10.17.54"
  resolved "https://registry.yarnpkg.com/@types/node/-/node-10.17.54.tgz#a737488631aca3ec7bd9f6229d77f1079e444793"
  integrity sha512-c8Lm7+hXdSPmWH4B9z/P/xIXhFK3mCQin4yCYMd2p1qpMG5AfgyJuYZ+3q2dT7qLiMMMGMd5dnkFpdqJARlvtQ==

"@types/node@^14.14.31":
  version "14.14.31"
  resolved "https://registry.yarnpkg.com/@types/node/-/node-14.14.31.tgz#72286bd33d137aa0d152d47ec7c1762563d34055"
  integrity sha512-vFHy/ezP5qI0rFgJ7aQnjDXwAMrG0KqqIH7tQG5PPv3BWBayOPIQNBjVc/P6hhdZfMx51REc6tfDNXHUio893g==

"@types/three@^0.125.3":
  version "0.125.3"
  resolved "https://registry.yarnpkg.com/@types/three/-/three-0.125.3.tgz#5d5c29acea66af42a3a32a13a9cc8e88e367d8a3"
  integrity sha512-tUPMzKooKDvMOhqcNVUPwkt+JNnF8ASgWSsrLgleVd0SjLj4boJhteSsF9f6YDjye0mmUjO+BDMWW83F97ehXA==

abstract-logging@^2.0.0:
  version "2.0.1"
  resolved "https://registry.yarnpkg.com/abstract-logging/-/abstract-logging-2.0.1.tgz#6b0c371df212db7129b57d2e7fcf282b8bf1c839"
  integrity sha512-2BjRTZxTPvheOvGbBslFSYOUkr+SjPtOnrLP33f+VIWLzezQpZcqVg7ja3L4dBXmzzgwT+a029jRx5PCi3JuiA==

ajv@^6.11.0, ajv@^6.12.2:
  version "6.12.6"
  resolved "https://registry.yarnpkg.com/ajv/-/ajv-6.12.6.tgz#baf5a62e802b07d977034586f8c3baf5adf26df4"
  integrity sha512-j3fVLgvTo527anyYyJOGTYJbG+vnnQYvE0m5mmkc1TK+nxAppkCLMIL0aZ4dblVCNoGShhm+kzE4ZUykBoMg4g==
  dependencies:
    fast-deep-equal "^3.1.1"
    fast-json-stable-stringify "^2.0.0"
    json-schema-traverse "^0.4.1"
    uri-js "^4.2.2"

archy@^1.0.0:
  version "1.0.0"
  resolved "https://registry.yarnpkg.com/archy/-/archy-1.0.0.tgz#f9c8c13757cc1dd7bc379ac77b2c62a5c2868c40"
  integrity sha1-+cjBN1fMHde8N5rHeyxipcKGjEA=

atomic-sleep@^1.0.0:
  version "1.0.0"
  resolved "https://registry.yarnpkg.com/atomic-sleep/-/atomic-sleep-1.0.0.tgz#eb85b77a601fc932cfe432c5acd364a9e2c9075b"
  integrity sha512-kNOjDqAh7px0XWNI+4QbzoiR/nTkHAWNud2uvnJquD1/x5a7EQZMJT0AczqK0Qn67oY/TTQ1LbUKajZpp3I9tQ==

avvio@^7.1.2:
  version "7.2.1"
  resolved "https://registry.yarnpkg.com/avvio/-/avvio-7.2.1.tgz#d2323bbebfe308189e5a41386de834ce3fbbd2f8"
  integrity sha512-b+gox68dqD6c3S3t+bZBKN6rYbVWdwpN12sHQLFTiacDT2rcq7fm07Ww+IKt/AvAkyCIe1f5ArP1bC/vAlx97A==
  dependencies:
    archy "^1.0.0"
    debug "^4.0.0"
    fastq "^1.6.1"
    queue-microtask "^1.1.2"

balanced-match@^1.0.0:
  version "1.0.0"
  resolved "https://registry.yarnpkg.com/balanced-match/-/balanced-match-1.0.0.tgz#89b4d199ab2bee49de164ea02b89ce462d71b767"
  integrity sha1-ibTRmasr7kneFk6gK4nORi1xt2c=

brace-expansion@^1.1.7:
  version "1.1.11"
  resolved "https://registry.yarnpkg.com/brace-expansion/-/brace-expansion-1.1.11.tgz#3c7fcbf529d87226f3d2f52b966ff5271eb441dd"
  integrity sha512-iCuPHDFgrHX7H2vEI/5xpz07zSHB00TpugqhmYtVmMO6518mCuRMoOYFldEBl0g187ufozdaHgWKcYFb61qGiA==
  dependencies:
    balanced-match "^1.0.0"
    concat-map "0.0.1"

buffer-from@^1.0.0:
  version "1.1.1"
  resolved "https://registry.yarnpkg.com/buffer-from/-/buffer-from-1.1.1.tgz#32713bc028f75c02fdb710d7c7bcec1f2c6070ef"
  integrity sha512-MQcXEUbCKtEo7bhqEs6560Hyd4XaovZlO/k9V3hjVUF/zwW7KBVdSK4gIt/bzwS9MbR5qob+F5jusZsb0YQK2A==

concat-map@0.0.1:
  version "0.0.1"
  resolved "https://registry.yarnpkg.com/concat-map/-/concat-map-0.0.1.tgz#d8a96bd77fd68df7793a73036a3ba0d5405d477b"
  integrity sha1-2Klr13/Wjfd5OnMDajug1UBdR3s=

content-disposition@^0.5.3:
  version "0.5.3"
  resolved "https://registry.yarnpkg.com/content-disposition/-/content-disposition-0.5.3.tgz#e130caf7e7279087c5616c2007d0485698984fbd"
  integrity sha512-ExO0774ikEObIAEV9kDo50o+79VCUdEB6n6lzKgGwupcVeRlhrj3qGAfwq8G6uBJjkqLrhT0qEYFcWng8z1z0g==
  dependencies:
    safe-buffer "5.1.2"

cookie@^0.4.0:
  version "0.4.1"
  resolved "https://registry.yarnpkg.com/cookie/-/cookie-0.4.1.tgz#afd713fe26ebd21ba95ceb61f9a8116e50a537d1"
  integrity sha512-ZwrFkGJxUR3EIoXtO+yVE69Eb7KlixbaeAWfBQB9vVsNn/o+Yw69gBWSSDK825hQNdN+wF8zELf3dFNl/kxkUA==

debug@2.6.9:
  version "2.6.9"
  resolved "https://registry.yarnpkg.com/debug/-/debug-2.6.9.tgz#5d128515df134ff327e90a4c93f4e077a536341f"
  integrity sha512-bC7ElrdJaJnPbAP+1EotYvqZsb3ecl5wi6Bfi6BJTUcNowp6cvspg0jXznRTKDjm/E7AdgFBVeAPVMNcKGsHMA==
  dependencies:
    ms "2.0.0"

debug@^4.0.0:
  version "4.3.1"
  resolved "https://registry.yarnpkg.com/debug/-/debug-4.3.1.tgz#f0d229c505e0c6d8c49ac553d1b13dc183f6b2ee"
  integrity sha512-doEwdvm4PCeK4K3RQN2ZC2BYUBaxwLARCqZmMjtF8a51J2Rb0xpVloFRnCODwqjpwnAoao4pelN8l3RJdv3gRQ==
  dependencies:
    ms "2.1.2"

deepmerge@^4.2.2:
  version "4.2.2"
  resolved "https://registry.yarnpkg.com/deepmerge/-/deepmerge-4.2.2.tgz#44d2ea3679b8f4d4ffba33f03d865fc1e7bf4955"
  integrity sha512-FJ3UgI4gIl+PHZm53knsuSFpE+nESMr7M4v9QcgB7S63Kj/6WqMiFQJpBBYz1Pt+66bZpP3Q7Lye0Oo9MPKEdg==

depd@~1.1.2:
  version "1.1.2"
  resolved "https://registry.yarnpkg.com/depd/-/depd-1.1.2.tgz#9bcd52e14c097763e749b274c4346ed2e560b5a9"
  integrity sha1-m81S4UwJd2PnSbJ0xDRu0uVgtak=

destroy@~1.0.4:
  version "1.0.4"
  resolved "https://registry.yarnpkg.com/destroy/-/destroy-1.0.4.tgz#978857442c44749e4206613e37946205826abd80"
  integrity sha1-l4hXRCxEdJ5CBmE+N5RiBYJqvYA=

earcut@^2.1.5:
  version "2.2.2"
  resolved "https://registry.yarnpkg.com/earcut/-/earcut-2.2.2.tgz#41b0bc35f63e0fe80da7cddff28511e7e2e80d11"
  integrity sha512-eZoZPPJcUHnfRZ0PjLvx2qBordSiO8ofC3vt+qACLM95u+4DovnbYNpQtJh0DNsWj8RnxrQytD4WA8gj5cRIaQ==

ee-first@1.1.1:
  version "1.1.1"
  resolved "https://registry.yarnpkg.com/ee-first/-/ee-first-1.1.1.tgz#590c61156b0ae2f4f0255732a158b266bc56b21d"
  integrity sha1-WQxhFWsK4vTwJVcyoViyZrxWsh0=

encodeurl@~1.0.2:
  version "1.0.2"
  resolved "https://registry.yarnpkg.com/encodeurl/-/encodeurl-1.0.2.tgz#ad3ff4c86ec2d029322f5a02c3a9a606c95b3f59"
  integrity sha1-rT/0yG7C0CkyL1oCw6mmBslbP1k=

es6-promise-polyfill@^1.2.0:
  version "1.2.0"
  resolved "https://registry.yarnpkg.com/es6-promise-polyfill/-/es6-promise-polyfill-1.2.0.tgz#f38925f23cb3e3e8ce6cda8ff774fcebbb090cde"
  integrity sha1-84kl8jyz4+jObNqP93T867sJDN4=

escape-html@~1.0.3:
  version "1.0.3"
  resolved "https://registry.yarnpkg.com/escape-html/-/escape-html-1.0.3.tgz#0258eae4d3d0c0974de1c169188ef0051d1d1988"
  integrity sha1-Aljq5NPQwJdN4cFpGI7wBR0dGYg=

etag@~1.8.1:
  version "1.8.1"
  resolved "https://registry.yarnpkg.com/etag/-/etag-1.8.1.tgz#41ae2eeb65efa62268aebfea83ac7d79299b0887"
  integrity sha1-Qa4u62XvpiJorr/qg6x9eSmbCIc=

eventemitter3@^3.1.0:
  version "3.1.2"
  resolved "https://registry.yarnpkg.com/eventemitter3/-/eventemitter3-3.1.2.tgz#2d3d48f9c346698fce83a85d7d664e98535df6e7"
  integrity sha512-tvtQIeLVHjDkJYnzf2dgVMxfuSGJeM/7UCG17TT4EumTfNtF+0nebF/4zWOIkCreAbtNqhGEboB6BWrwqNaw4Q==

fast-decode-uri-component@^1.0.1:
  version "1.0.1"
  resolved "https://registry.yarnpkg.com/fast-decode-uri-component/-/fast-decode-uri-component-1.0.1.tgz#46f8b6c22b30ff7a81357d4f59abfae938202543"
  integrity sha512-WKgKWg5eUxvRZGwW8FvfbaH7AXSh2cL+3j5fMGzUMCxWBJ3dV3a7Wz8y2f/uQ0e3B6WmodD3oS54jTQ9HVTIIg==

fast-deep-equal@^3.1.1:
  version "3.1.3"
  resolved "https://registry.yarnpkg.com/fast-deep-equal/-/fast-deep-equal-3.1.3.tgz#3a7d56b559d6cbc3eb512325244e619a65c6c525"
  integrity sha512-f3qQ9oQy9j2AhBe/H9VC91wLmKBCCU/gDOnKNAYG5hswO7BLKj09Hc5HYNz9cGI++xlpDCIgDaitVs03ATR84Q==

fast-json-stable-stringify@^2.0.0:
  version "2.1.0"
  resolved "https://registry.yarnpkg.com/fast-json-stable-stringify/-/fast-json-stable-stringify-2.1.0.tgz#874bf69c6f404c2b5d99c481341399fd55892633"
  integrity sha512-lhd/wF+Lk98HZoTCtlVraHtfh5XYijIjalXck7saUtuanSDyLMxnHhSXEDJqHxD7msR8D0uCmqlkwjCV8xvwHw==

fast-json-stringify@^2.2.1:
  version "2.4.2"
  resolved "https://registry.yarnpkg.com/fast-json-stringify/-/fast-json-stringify-2.4.2.tgz#f2a5df3d335979a22335954bfacc7d32437ecf68"
  integrity sha512-hXNC8Hj5ZYf0PRt67JyLwrw72XOIUSOj8IYXk8w8kotBox02L08Dvz6c8IMpCUXof1H+dLlBz1aszGqP9xmrBw==
  dependencies:
    ajv "^6.11.0"
    deepmerge "^4.2.2"
    string-similarity "^4.0.1"

fast-redact@^3.0.0:
  version "3.0.0"
  resolved "https://registry.yarnpkg.com/fast-redact/-/fast-redact-3.0.0.tgz#ac2f9e36c9f4976f5db9fb18c6ffbaf308cf316d"
  integrity sha512-a/S/Hp6aoIjx7EmugtzLqXmcNsyFszqbt6qQ99BdG61QjBZF6shNis0BYR6TsZOQ1twYc0FN2Xdhwwbv6+KD0w==

fast-safe-stringify@^2.0.7:
  version "2.0.7"
  resolved "https://registry.yarnpkg.com/fast-safe-stringify/-/fast-safe-stringify-2.0.7.tgz#124aa885899261f68aedb42a7c080de9da608743"
  integrity sha512-Utm6CdzT+6xsDk2m8S6uL8VHxNwI6Jub+e9NYTcAms28T84pTa25GJQV9j0CY0N1rM8hK4x6grpF2BQf+2qwVA==

fastify-error@^0.3.0:
  version "0.3.0"
  resolved "https://registry.yarnpkg.com/fastify-error/-/fastify-error-0.3.0.tgz#08866323d521156375a8be7c7fcaf98df946fafb"
  integrity sha512-Jm2LMTB5rsJqlS1+cmgqqM9tTs0UrlgYR7TvDT3ZgXsUI5ib1NjQlqZHf+tDK5tVPdFGwyq02wAoJtyYIRSiFA==

fastify-plugin@^3.0.0:
  version "3.0.0"
  resolved "https://registry.yarnpkg.com/fastify-plugin/-/fastify-plugin-3.0.0.tgz#cf1b8c8098e3b5a7c8c30e6aeb06903370c054ca"
  integrity sha512-ZdCvKEEd92DNLps5n0v231Bha8bkz1DjnPP/aEz37rz/q42Z5JVLmgnqR4DYuNn3NXAO3IDCPyRvgvxtJ4Ym4w==

fastify-static@^4.0.0:
  version "4.0.1"
  resolved "https://registry.yarnpkg.com/fastify-static/-/fastify-static-4.0.1.tgz#28947728b2b4c9360eeea8a92ae7b36a0e38b273"
  integrity sha512-Mjt0My8Gf/nzJqIDai9rz3HsxH4RAJeMGMIPmf40lGMFKAv4SbRiKJ2cmteXoKHrFGPeGxwMq0gXfixwueV8wA==
  dependencies:
    content-disposition "^0.5.3"
    fastify-plugin "^3.0.0"
    glob "^7.1.4"
    readable-stream "^3.4.0"
    send "^0.17.1"

fastify-warning@^0.2.0:
  version "0.2.0"
  resolved "https://registry.yarnpkg.com/fastify-warning/-/fastify-warning-0.2.0.tgz#e717776026a4493dc9a2befa44db6d17f618008f"
  integrity sha512-s1EQguBw/9qtc1p/WTY4eq9WMRIACkj+HTcOIK1in4MV5aFaQC9ZCIt0dJ7pr5bIf4lPpHvAtP2ywpTNgs7hqw==

fastify@^3.12.0:
  version "3.12.0"
  resolved "https://registry.yarnpkg.com/fastify/-/fastify-3.12.0.tgz#b5e3500a98ed63934d01d5949801f5ea2dc5cd17"
  integrity sha512-xSVzP88dkwBRl/vSm8AnMB3ICOd5p0M/ea9fJWOx0WnC8x4r1WfOUUEHeyxcwlfWoiDDtsHe7DwyeSPrfmfzqQ==
  dependencies:
    "@fastify/proxy-addr" "^3.0.0"
    abstract-logging "^2.0.0"
    ajv "^6.12.2"
    avvio "^7.1.2"
    fast-json-stringify "^2.2.1"
    fastify-error "^0.3.0"
    fastify-warning "^0.2.0"
    find-my-way "^3.0.5"
    flatstr "^1.0.12"
    light-my-request "^4.2.0"
    pino "^6.2.1"
    readable-stream "^3.4.0"
    rfdc "^1.1.4"
    secure-json-parse "^2.0.0"
    semver "^7.3.2"
    tiny-lru "^7.0.0"

fastq@^1.6.1:
  version "1.11.0"
  resolved "https://registry.yarnpkg.com/fastq/-/fastq-1.11.0.tgz#bb9fb955a07130a918eb63c1f5161cc32a5d0858"
  integrity sha512-7Eczs8gIPDrVzT+EksYBcupqMyxSHXXrHOLRRxU2/DicV8789MRBRR8+Hc2uWzUupOs4YS4JzBmBxjjCVBxD/g==
  dependencies:
    reusify "^1.0.4"

find-my-way@^3.0.5:
  version "3.0.5"
  resolved "https://registry.yarnpkg.com/find-my-way/-/find-my-way-3.0.5.tgz#f71c5ef1b4865401e1b97ba428121a8f55439eec"
  integrity sha512-FweGg0cv1sBX8z7WhvBX5B5AECW4Zdh/NiB38Oa0qwSNIyPgRBCl/YjxuZn/rz38E/MMBHeVKJ22i7W3c626Gg==
  dependencies:
    fast-decode-uri-component "^1.0.1"
    safe-regex2 "^2.0.0"
    semver-store "^0.3.0"

flatstr@^1.0.12:
  version "1.0.12"
  resolved "https://registry.yarnpkg.com/flatstr/-/flatstr-1.0.12.tgz#c2ba6a08173edbb6c9640e3055b95e287ceb5931"
  integrity sha512-4zPxDyhCyiN2wIAtSLI6gc82/EjqZc1onI4Mz/l0pWrAlsSfYH/2ZIcU+e3oA2wDwbzIWNKwa23F8rh6+DRWkw==

fp-ts@^2.9.5:
  version "2.9.5"
  resolved "https://registry.yarnpkg.com/fp-ts/-/fp-ts-2.9.5.tgz#6690cd8b76b84214a38fc77cbbbd04a38f86ea90"
  integrity sha512-MiHrA5teO6t8zKArE3DdMPT/Db6v2GUt5yfWnhBTrrsVfeCJUUnV6sgFvjGNBKDmEMqVwRFkEePL7wPwqrLKKA==

fresh@0.5.2:
  version "0.5.2"
  resolved "https://registry.yarnpkg.com/fresh/-/fresh-0.5.2.tgz#3d8cadd90d976569fa835ab1f8e4b23a105605a7"
  integrity sha1-PYyt2Q2XZWn6g1qx+OSyOhBWBac=

fs.realpath@^1.0.0:
  version "1.0.0"
  resolved "https://registry.yarnpkg.com/fs.realpath/-/fs.realpath-1.0.0.tgz#1504ad2523158caa40db4a2787cb01411994ea4f"
  integrity sha1-FQStJSMVjKpA20onh8sBQRmU6k8=

glob@^7.1.4:
  version "7.1.6"
  resolved "https://registry.yarnpkg.com/glob/-/glob-7.1.6.tgz#141f33b81a7c2492e125594307480c46679278a6"
  integrity sha512-LwaxwyZ72Lk7vZINtNNrywX0ZuLyStrdDtabefZKAY5ZGJhVtgdznluResxNmPitE0SAO+O26sWTHeKSI2wMBA==
  dependencies:
    fs.realpath "^1.0.0"
    inflight "^1.0.4"
    inherits "2"
    minimatch "^3.0.4"
    once "^1.3.0"
    path-is-absolute "^1.0.0"

http-errors@~1.7.2:
  version "1.7.3"
  resolved "https://registry.yarnpkg.com/http-errors/-/http-errors-1.7.3.tgz#6c619e4f9c60308c38519498c14fbb10aacebb06"
  integrity sha512-ZTTX0MWrsQ2ZAhA1cejAwDLycFsd7I7nVtnkT3Ol0aqodaKW+0CTZDQ1uBv5whptCnc8e8HeRRJxRs0kmm/Qfw==
  dependencies:
    depd "~1.1.2"
    inherits "2.0.4"
    setprototypeof "1.1.1"
    statuses ">= 1.5.0 < 2"
    toidentifier "1.0.0"

immer@^8.0.1:
  version "8.0.1"
  resolved "https://registry.yarnpkg.com/immer/-/immer-8.0.1.tgz#9c73db683e2b3975c424fb0572af5889877ae656"
  integrity sha512-aqXhGP7//Gui2+UrEtvxZxSquQVXTpZ7KDxfCcKAF3Vysvw0CViVaW9RZ1j1xlIYqaaaipBoqdqeibkc18PNvA==

inflight@^1.0.4:
  version "1.0.6"
  resolved "https://registry.yarnpkg.com/inflight/-/inflight-1.0.6.tgz#49bd6331d7d02d0c09bc910a1075ba8165b56df9"
  integrity sha1-Sb1jMdfQLQwJvJEKEHW6gWW1bfk=
  dependencies:
    once "^1.3.0"
    wrappy "1"

inherits@2, inherits@2.0.4, inherits@^2.0.3:
  version "2.0.4"
  resolved "https://registry.yarnpkg.com/inherits/-/inherits-2.0.4.tgz#0fa2c64f932917c3433a0ded55363aae37416b7c"
  integrity sha512-k/vGaX4/Yla3WzyMCvTQOXYeIHvqOKtnqBduzTHpzpQZzAskKMhZ2K+EnBiSM9zGSoIFeMpXKxa4dYeZIQqewQ==

io-ts@^2.2.14:
  version "2.2.15"
  resolved "https://registry.yarnpkg.com/io-ts/-/io-ts-2.2.15.tgz#0b0b19a6f8a64f4a524ad5810d56432789428128"
  integrity sha512-ww2ZPrErx5pjCCI/tWRwjlEIDEndnN9kBIxAylXj+WNIH4ZVgaUqFuabGouehkRuvrmvzO5OnZmLf+o50h4izQ==

ipaddr.js@^2.0.0:
  version "2.0.0"
  resolved "https://registry.yarnpkg.com/ipaddr.js/-/ipaddr.js-2.0.0.tgz#77ccccc8063ae71ab65c55f21b090698e763fc6e"
  integrity sha512-S54H9mIj0rbxRIyrDMEuuER86LdlgUg9FSeZ8duQb6CUG2iRrA36MYVQBSprTF/ZeAwvyQ5mDGuNvIPM0BIl3w==

ismobilejs@^1.1.0:
  version "1.1.1"
  resolved "https://registry.yarnpkg.com/ismobilejs/-/ismobilejs-1.1.1.tgz#c56ca0ae8e52b24ca0f22ba5ef3215a2ddbbaa0e"
  integrity sha512-VaFW53yt8QO61k2WJui0dHf4SlL8lxBofUuUmwBo0ljPk0Drz2TiuDW4jo3wDcv41qy/SxrJ+VAzJ/qYqsmzRw==

json-schema-traverse@^0.4.1:
  version "0.4.1"
  resolved "https://registry.yarnpkg.com/json-schema-traverse/-/json-schema-traverse-0.4.1.tgz#69f6a87d9513ab8bb8fe63bdb0979c448e684660"
  integrity sha512-xbbCH5dCYU5T8LcEhhuh7HJ88HXuW3qsI3Y0zOZFKfZEHcpWiHU/Jxzk629Brsab/mMiHQti9wMP+845RPe3Vg==

light-my-request@^4.2.0:
  version "4.4.1"
  resolved "https://registry.yarnpkg.com/light-my-request/-/light-my-request-4.4.1.tgz#bfa2220316eef4f6465bf2f0667780da6b7f6a71"
  integrity sha512-FDNRF2mYjthIRWE7O8d/X7AzDx4otQHl4/QXbu3Q/FRwBFcgb+ZoDaUd5HwN53uQXLAiw76osN+Va0NEaOW6rQ==
  dependencies:
    ajv "^6.12.2"
    cookie "^0.4.0"
    fastify-warning "^0.2.0"
    readable-stream "^3.6.0"
    set-cookie-parser "^2.4.1"

long@^4.0.0:
  version "4.0.0"
  resolved "https://registry.yarnpkg.com/long/-/long-4.0.0.tgz#9a7b71cfb7d361a194ea555241c92f7468d5bf28"
  integrity sha512-XsP+KhQif4bjX1kbuSiySJFNAehNxgLb6hPRGJ9QsUr8ajHkuXGdrHmFUTUUXhDwVX2R5bY4JNZEwbUiMhV+MA==

lru-cache@^6.0.0:
  version "6.0.0"
  resolved "https://registry.yarnpkg.com/lru-cache/-/lru-cache-6.0.0.tgz#6d6fe6570ebd96aaf90fcad1dafa3b2566db3a94"
  integrity sha512-Jo6dJ04CmSjuznwJSS3pUeWmd/H0ffTlkXXgwZi+eq1UCmqQwCh+eLsYOYCwY991i2Fah4h1BEMCx4qThGbsiA==
  dependencies:
    yallist "^4.0.0"

mime@1.6.0:
  version "1.6.0"
  resolved "https://registry.yarnpkg.com/mime/-/mime-1.6.0.tgz#32cd9e5c64553bd58d19a568af452acff04981b1"
  integrity sha512-x0Vn8spI+wuJ1O6S7gnbaQg8Pxh4NNHb7KSINmEWKiPE4RKOplvijn+NkmYmmRgP68mc70j2EbeTFRsrswaQeg==

mini-signals@^1.2.0:
  version "1.2.0"
  resolved "https://registry.yarnpkg.com/mini-signals/-/mini-signals-1.2.0.tgz#45b08013c5fae51a24aa1a935cd317c9ed721d74"
  integrity sha1-RbCAE8X65RokqhqTXNMXye1yHXQ=

minimatch@^3.0.4:
  version "3.0.4"
  resolved "https://registry.yarnpkg.com/minimatch/-/minimatch-3.0.4.tgz#5166e286457f03306064be5497e8dbb0c3d32083"
  integrity sha512-yJHVQEhyqPLUTgt9B83PXu6W3rx4MvvHvSUvToogpwoGDOUQ+yDrR0HRot+yOCdCO7u4hX3pWft6kWBBcqh0UA==
  dependencies:
    brace-expansion "^1.1.7"

ms@2.0.0:
  version "2.0.0"
  resolved "https://registry.yarnpkg.com/ms/-/ms-2.0.0.tgz#5608aeadfc00be6c2901df5f9861788de0d597c8"
  integrity sha1-VgiurfwAvmwpAd9fmGF4jeDVl8g=

ms@2.1.1:
  version "2.1.1"
  resolved "https://registry.yarnpkg.com/ms/-/ms-2.1.1.tgz#30a5864eb3ebb0a66f2ebe6d727af06a09d86e0a"
  integrity sha512-tgp+dl5cGk28utYktBsrFqA7HKgrhgPsg6Z/EfhWI4gl1Hwq8B/GmY/0oXZ6nF8hDVesS/FpnYaD/kOWhYQvyg==

ms@2.1.2:
  version "2.1.2"
  resolved "https://registry.yarnpkg.com/ms/-/ms-2.1.2.tgz#d09d1f357b443f493382a8eb3ccd183872ae6009"
  integrity sha512-sGkPx+VjMtmA6MX27oA4FBFELFCZZ4S4XqeGOXCv68tT+jb3vk/RyaKWP0PTKyWtmLSM0b+adUTEvbs1PEaH2w==

nova_ecs@^0.1.10:
  version "0.1.10"
  resolved "https://registry.yarnpkg.com/nova_ecs/-/nova_ecs-0.1.10.tgz#aa8114499eee46bfaeee30a8f8613619cd32cb62"
  integrity sha512-QpnaXc6+2Phdor4LCyOAtmetRiEL6tZV2y3q0T2tLsQhJ5RYhrm3xUMys67TgSDTpY3PiKJamozO2r5SnEOAbA==
  dependencies:
    fp-ts "^2.9.5"
    immer "^8.0.1"
    io-ts "^2.2.14"
    rxjs "^6.6.3"

object-assign@^4.1.1:
  version "4.1.1"
  resolved "https://registry.yarnpkg.com/object-assign/-/object-assign-4.1.1.tgz#2109adc7965887cfc05cbbd442cac8bfbb360863"
  integrity sha1-IQmtx5ZYh8/AXLvUQsrIv7s2CGM=

on-finished@~2.3.0:
  version "2.3.0"
  resolved "https://registry.yarnpkg.com/on-finished/-/on-finished-2.3.0.tgz#20f1336481b083cd75337992a16971aa2d906947"
  integrity sha1-IPEzZIGwg811M3mSoWlxqi2QaUc=
  dependencies:
    ee-first "1.1.1"

once@^1.3.0:
  version "1.4.0"
  resolved "https://registry.yarnpkg.com/once/-/once-1.4.0.tgz#583b1aa775961d4b113ac17d9c50baef9dd76bd1"
  integrity sha1-WDsap3WWHUsROsF9nFC6753Xa9E=
  dependencies:
    wrappy "1"

parse-uri@^1.0.0:
  version "1.0.3"
  resolved "https://registry.yarnpkg.com/parse-uri/-/parse-uri-1.0.3.tgz#f3c24a74907a4e357c1741e96ca9faadecfd6db5"
  integrity sha512-upMnGxNcm+45So85HoguwZTVZI9u11i36DdxJfGF2HYWS2eh3TIx7+/tTi7qrEq15qzGkVhsKjesau+kCk48pA==

path-is-absolute@^1.0.0:
  version "1.0.1"
  resolved "https://registry.yarnpkg.com/path-is-absolute/-/path-is-absolute-1.0.1.tgz#174b9268735534ffbc7ace6bf53a5a9e1b5c5f5f"
  integrity sha1-F0uSaHNVNP+8es5r9TpanhtcX18=

pino-std-serializers@^3.1.0:
  version "3.2.0"
  resolved "https://registry.yarnpkg.com/pino-std-serializers/-/pino-std-serializers-3.2.0.tgz#b56487c402d882eb96cd67c257868016b61ad671"
  integrity sha512-EqX4pwDPrt3MuOAAUBMU0Tk5kR/YcCM5fNPEzgCO2zJ5HfX0vbiH9HbJglnyeQsN96Kznae6MWD47pZB5avTrg==

pino@^6.2.1:
  version "6.11.1"
  resolved "https://registry.yarnpkg.com/pino/-/pino-6.11.1.tgz#5af2d5395cfe625ead9fe64a3b51a4802cd2598e"
  integrity sha512-PoDR/4jCyaP1k2zhuQ4N0NuhaMtei+C9mUHBRRJQujexl/bq3JkeL2OC23ada6Np3zeUMHbO4TGzY2D/rwZX3w==
  dependencies:
    fast-redact "^3.0.0"
    fast-safe-stringify "^2.0.7"
    flatstr "^1.0.12"
    pino-std-serializers "^3.1.0"
    quick-format-unescaped "^4.0.1"
    sonic-boom "^1.0.2"

pixi.js@^5.3.8:
  version "5.3.8"
  resolved "https://registry.yarnpkg.com/pixi.js/-/pixi.js-5.3.8.tgz#f6389f128be61ca81067a8ecf165dc94861957de"
  integrity sha512-kDqkWhuAkc42lD+ldVTaS439q7D7uo9FM/wCP26jUNAFlYAp75IcALEgXuBh6HEjp51enGkRvwX9+fIiA5F9ug==
  dependencies:
    "@pixi/accessibility" "5.3.8"
    "@pixi/app" "5.3.8"
    "@pixi/constants" "5.3.8"
    "@pixi/core" "5.3.8"
    "@pixi/display" "5.3.8"
    "@pixi/extract" "5.3.8"
    "@pixi/filter-alpha" "5.3.8"
    "@pixi/filter-blur" "5.3.8"
    "@pixi/filter-color-matrix" "5.3.8"
    "@pixi/filter-displacement" "5.3.8"
    "@pixi/filter-fxaa" "5.3.8"
    "@pixi/filter-noise" "5.3.8"
    "@pixi/graphics" "5.3.8"
    "@pixi/interaction" "5.3.8"
    "@pixi/loaders" "5.3.8"
    "@pixi/math" "5.3.8"
    "@pixi/mesh" "5.3.8"
    "@pixi/mesh-extras" "5.3.8"
    "@pixi/mixin-cache-as-bitmap" "5.3.8"
    "@pixi/mixin-get-child-by-name" "5.3.8"
    "@pixi/mixin-get-global-position" "5.3.8"
    "@pixi/particles" "5.3.8"
    "@pixi/polyfill" "5.3.8"
    "@pixi/prepare" "5.3.8"
    "@pixi/runner" "5.3.8"
    "@pixi/settings" "5.3.8"
    "@pixi/sprite" "5.3.8"
    "@pixi/sprite-animated" "5.3.8"
    "@pixi/sprite-tiling" "5.3.8"
    "@pixi/spritesheet" "5.3.8"
    "@pixi/text" "5.3.8"
    "@pixi/text-bitmap" "5.3.8"
    "@pixi/ticker" "5.3.8"
    "@pixi/utils" "5.3.8"

protobufjs@6.8.8:
  version "6.8.8"
  resolved "https://registry.yarnpkg.com/protobufjs/-/protobufjs-6.8.8.tgz#c8b4f1282fd7a90e6f5b109ed11c84af82908e7c"
  integrity sha512-AAmHtD5pXgZfi7GMpllpO3q1Xw1OYldr+dMUlAnffGTAhqkg72WdmSY71uKBF/JuyiKs8psYbtKrhi0ASCD8qw==
  dependencies:
    "@protobufjs/aspromise" "^1.1.2"
    "@protobufjs/base64" "^1.1.2"
    "@protobufjs/codegen" "^2.0.4"
    "@protobufjs/eventemitter" "^1.1.0"
    "@protobufjs/fetch" "^1.1.0"
    "@protobufjs/float" "^1.0.2"
    "@protobufjs/inquire" "^1.1.0"
    "@protobufjs/path" "^1.1.2"
    "@protobufjs/pool" "^1.1.0"
    "@protobufjs/utf8" "^1.1.0"
    "@types/long" "^4.0.0"
    "@types/node" "^10.1.0"
    long "^4.0.0"

punycode@1.3.2:
  version "1.3.2"
  resolved "https://registry.yarnpkg.com/punycode/-/punycode-1.3.2.tgz#9653a036fb7c1ee42342f2325cceefea3926c48d"
  integrity sha1-llOgNvt8HuQjQvIyXM7v6jkmxI0=

punycode@^2.1.0:
  version "2.1.1"
  resolved "https://registry.yarnpkg.com/punycode/-/punycode-2.1.1.tgz#b58b010ac40c22c5657616c8d2c2c02c7bf479ec"
  integrity sha512-XRsRjdf+j5ml+y/6GKHPZbrF/8p2Yga0JPtdqTIY2Xe5ohJPD9saDJJLPvp9+NSBprVvevdXZybnj2cv8OEd0A==

querystring@0.2.0:
  version "0.2.0"
  resolved "https://registry.yarnpkg.com/querystring/-/querystring-0.2.0.tgz#b209849203bb25df820da756e747005878521620"
  integrity sha1-sgmEkgO7Jd+CDadW50cAWHhSFiA=

queue-microtask@^1.1.2:
  version "1.2.2"
  resolved "https://registry.yarnpkg.com/queue-microtask/-/queue-microtask-1.2.2.tgz#abf64491e6ecf0f38a6502403d4cda04f372dfd3"
  integrity sha512-dB15eXv3p2jDlbOiNLyMabYg1/sXvppd8DP2J3EOCQ0AkuSXCW2tP7mnVouVLJKgUMY6yP0kcQDVpLCN13h4Xg==

quick-format-unescaped@^4.0.1:
  version "4.0.1"
  resolved "https://registry.yarnpkg.com/quick-format-unescaped/-/quick-format-unescaped-4.0.1.tgz#437a5ea1a0b61deb7605f8ab6a8fd3858dbeb701"
  integrity sha512-RyYpQ6Q5/drsJyOhrWHYMWTedvjTIat+FTwv0K4yoUxzvekw2aRHMQJLlnvt8UantkZg2++bEzD9EdxXqkWf4A==

range-parser@~1.2.1:
  version "1.2.1"
  resolved "https://registry.yarnpkg.com/range-parser/-/range-parser-1.2.1.tgz#3cf37023d199e1c24d1a55b84800c2f3e6468031"
  integrity sha512-Hrgsx+orqoygnmhFbKaHE6c296J+HTAQXoxEF6gNupROmmGJRoyzfG3ccAveqCBrwr/2yxQ5BVd/GTl5agOwSg==

readable-stream@^3.4.0, readable-stream@^3.6.0:
  version "3.6.0"
  resolved "https://registry.yarnpkg.com/readable-stream/-/readable-stream-3.6.0.tgz#337bbda3adc0706bd3e024426a286d4b4b2c9198"
  integrity sha512-BViHy7LKeTz4oNnkcLJ+lVSL6vpiFeX6/d3oSH8zCW7UxP2onchk+vTGB143xuFjHS3deTgkKoXXymXqymiIdA==
  dependencies:
    inherits "^2.0.3"
    string_decoder "^1.1.1"
    util-deprecate "^1.0.1"

resource-loader@^3.0.1:
  version "3.0.1"
  resolved "https://registry.yarnpkg.com/resource-loader/-/resource-loader-3.0.1.tgz#33355bb5421e2994f59454bbc7f6dbff8df06d47"
  integrity sha512-fBuCRbEHdLCI1eglzQhUv9Rrdcmqkydr1r6uHE2cYHvRBrcLXeSmbE/qI/urFt8rPr/IGxir3BUwM5kUK8XoyA==
  dependencies:
    mini-signals "^1.2.0"
    parse-uri "^1.0.0"

ret@~0.2.0:
  version "0.2.2"
  resolved "https://registry.yarnpkg.com/ret/-/ret-0.2.2.tgz#b6861782a1f4762dce43402a71eb7a283f44573c"
  integrity sha512-M0b3YWQs7R3Z917WRQy1HHA7Ba7D8hvZg6UE5mLykJxQVE2ju0IXbGlaHPPlkY+WN7wFP+wUMXmBFA0aV6vYGQ==

reusify@^1.0.4:
  version "1.0.4"
  resolved "https://registry.yarnpkg.com/reusify/-/reusify-1.0.4.tgz#90da382b1e126efc02146e90845a88db12925d76"
  integrity sha512-U9nH88a3fc/ekCF1l0/UP1IosiuIjyTh7hBvXVMHYgVcfGvt897Xguj2UOLDeI5BG2m7/uwyaLVT6fbtCwTyzw==

rfdc@^1.1.4:
  version "1.2.0"
  resolved "https://registry.yarnpkg.com/rfdc/-/rfdc-1.2.0.tgz#9e9894258f48f284b43c3143c68070a4f373b949"
  integrity sha512-ijLyszTMmUrXvjSooucVQwimGUk84eRcmCuLV8Xghe3UO85mjUtRAHRyoMM6XtyqbECaXuBWx18La3523sXINA==

rxjs@^6.6.3:
  version "6.6.6"
  resolved "https://registry.yarnpkg.com/rxjs/-/rxjs-6.6.6.tgz#14d8417aa5a07c5e633995b525e1e3c0dec03b70"
  integrity sha512-/oTwee4N4iWzAMAL9xdGKjkEHmIwupR3oXbQjCKywF1BeFohswF3vZdogbmEF6pZkOsXTzWkrZszrWpQTByYVg==
  dependencies:
    tslib "^1.9.0"

safe-buffer@5.1.2:
  version "5.1.2"
  resolved "https://registry.yarnpkg.com/safe-buffer/-/safe-buffer-5.1.2.tgz#991ec69d296e0313747d59bdfd2b745c35f8828d"
  integrity sha512-Gd2UZBJDkXlY7GbJxfsE8/nvKkUEU1G38c1siN6QP6a9PT9MmHB8GnpscSmMJSoF8LOIrt8ud/wPtojys4G6+g==

safe-buffer@~5.2.0:
  version "5.2.1"
  resolved "https://registry.yarnpkg.com/safe-buffer/-/safe-buffer-5.2.1.tgz#1eaf9fa9bdb1fdd4ec75f58f9cdb4e6b7827eec6"
  integrity sha512-rp3So07KcdmmKbGvgaNxQSJr7bGVSVk5S9Eq1F+ppbRo70+YeaDxkw5Dd8NPN+GD6bjnYm2VuPuCXmpuYvmCXQ==

safe-regex2@^2.0.0:
  version "2.0.0"
  resolved "https://registry.yarnpkg.com/safe-regex2/-/safe-regex2-2.0.0.tgz#b287524c397c7a2994470367e0185e1916b1f5b9"
  integrity sha512-PaUSFsUaNNuKwkBijoAPHAK6/eM6VirvyPWlZ7BAQy4D+hCvh4B6lIG+nPdhbFfIbP+gTGBcrdsOaUs0F+ZBOQ==
  dependencies:
    ret "~0.2.0"

secure-json-parse@^2.0.0:
  version "2.3.1"
  resolved "https://registry.yarnpkg.com/secure-json-parse/-/secure-json-parse-2.3.1.tgz#908aa5e806e223ff8d179d37ad95c2433f5f147d"
  integrity sha512-5uGhQLHSC9tVa7RGPkSwxbZVsJCZvIODOadAimCXkU1aCa1fWdszj2DktcutK8A7dD58PoRdxTYiy0jFl6qjnw==

semver-store@^0.3.0:
  version "0.3.0"
  resolved "https://registry.yarnpkg.com/semver-store/-/semver-store-0.3.0.tgz#ce602ff07df37080ec9f4fb40b29576547befbe9"
  integrity sha512-TcZvGMMy9vodEFSse30lWinkj+JgOBvPn8wRItpQRSayhc+4ssDs335uklkfvQQJgL/WvmHLVj4Ycv2s7QCQMg==

semver@5.6.0:
  version "5.6.0"
  resolved "https://registry.yarnpkg.com/semver/-/semver-5.6.0.tgz#7e74256fbaa49c75aa7c7a205cc22799cac80004"
  integrity sha512-RS9R6R35NYgQn++fkDWaOmqGoj4Ek9gGs+DPxNUZKuwE183xjJroKvyo1IzVFeXvUrvmALy6FWD5xrdJT25gMg==

semver@^7.3.2:
  version "7.3.4"
  resolved "https://registry.yarnpkg.com/semver/-/semver-7.3.4.tgz#27aaa7d2e4ca76452f98d3add093a72c943edc97"
  integrity sha512-tCfb2WLjqFAtXn4KEdxIhalnRtoKFN7nAwj0B3ZXCbQloV2tq5eDbcTmT68JJD3nRJq24/XgxtQKFIpQdtvmVw==
  dependencies:
    lru-cache "^6.0.0"

send@^0.17.1:
  version "0.17.1"
  resolved "https://registry.yarnpkg.com/send/-/send-0.17.1.tgz#c1d8b059f7900f7466dd4938bdc44e11ddb376c8"
  integrity sha512-BsVKsiGcQMFwT8UxypobUKyv7irCNRHk1T0G680vk88yf6LBByGcZJOTJCrTP2xVN6yI+XjPJcNuE3V4fT9sAg==
  dependencies:
    debug "2.6.9"
    depd "~1.1.2"
    destroy "~1.0.4"
    encodeurl "~1.0.2"
    escape-html "~1.0.3"
    etag "~1.8.1"
    fresh "0.5.2"
    http-errors "~1.7.2"
    mime "1.6.0"
    ms "2.1.1"
    on-finished "~2.3.0"
    range-parser "~1.2.1"
    statuses "~1.5.0"

set-cookie-parser@^2.4.1:
  version "2.4.8"
  resolved "https://registry.yarnpkg.com/set-cookie-parser/-/set-cookie-parser-2.4.8.tgz#d0da0ed388bc8f24e706a391f9c9e252a13c58b2"
  integrity sha512-edRH8mBKEWNVIVMKejNnuJxleqYE/ZSdcT8/Nem9/mmosx12pctd80s2Oy00KNZzrogMZS5mauK2/ymL1bvlvg==

setprototypeof@1.1.1:
  version "1.1.1"
  resolved "https://registry.yarnpkg.com/setprototypeof/-/setprototypeof-1.1.1.tgz#7e95acb24aa92f5885e0abef5ba131330d4ae683"
  integrity sha512-JvdAWfbXeIGaZ9cILp38HntZSFSo3mWg6xGcJJsd+d4aRMOqauag1C63dJfDw7OaMYwEbHMOxEZ1lqVRYP2OAw==

sonic-boom@^1.0.2:
  version "1.3.2"
  resolved "https://registry.yarnpkg.com/sonic-boom/-/sonic-boom-1.3.2.tgz#169c2671397a490adffb070510d516544a65c0ed"
  integrity sha512-/B4tAuK2+hIlR94GhhWU1mJHWk5lt0CEuBvG0kvk1qIAzQc4iB1TieMio8DCZxY+Y7tsuzOxSUDOGmaUm3vXMg==
  dependencies:
    atomic-sleep "^1.0.0"
    flatstr "^1.0.12"

source-map-support@0.5.9:
  version "0.5.9"
  resolved "https://registry.yarnpkg.com/source-map-support/-/source-map-support-0.5.9.tgz#41bc953b2534267ea2d605bccfa7bfa3111ced5f"
  integrity sha512-gR6Rw4MvUlYy83vP0vxoVNzM6t8MUXqNuRsuBmBHQDu1Fh6X015FrLdgoDKcNdkwGubozq0P4N0Q37UyFVr1EA==
  dependencies:
    buffer-from "^1.0.0"
    source-map "^0.6.0"

source-map@^0.6.0:
  version "0.6.1"
  resolved "https://registry.yarnpkg.com/source-map/-/source-map-0.6.1.tgz#74722af32e9614e9c287a8d0bbde48b5e2f1a263"
  integrity sha512-UjgapumWlbMhkBgzT7Ykc5YXUT46F0iKu8SGXq0bcwP5dz/h0Plj6enJqjz1Zbq2l5WaqYnrVbwWOWMyF3F47g==

"statuses@>= 1.5.0 < 2", statuses@~1.5.0:
  version "1.5.0"
  resolved "https://registry.yarnpkg.com/statuses/-/statuses-1.5.0.tgz#161c7dac177659fd9811f43771fa99381478628c"
  integrity sha1-Fhx9rBd2Wf2YEfQ3cfqZOBR4Yow=

string-similarity@^4.0.1:
  version "4.0.4"
  resolved "https://registry.yarnpkg.com/string-similarity/-/string-similarity-4.0.4.tgz#42d01ab0b34660ea8a018da8f56a3309bb8b2a5b"
  integrity sha512-/q/8Q4Bl4ZKAPjj8WerIBJWALKkaPRfrvhfF8k/B23i4nzrlRj2/go1m90In7nG/3XDSbOo0+pu6RvCTM9RGMQ==

string_decoder@^1.1.1:
  version "1.3.0"
  resolved "https://registry.yarnpkg.com/string_decoder/-/string_decoder-1.3.0.tgz#42f114594a46cf1a8e30b0a84f56c78c3edac21e"
  integrity sha512-hkRX8U1WjJFd8LsDJ2yQ/wWWxaopEsABU1XfkM8A+j0+85JAGppt16cr1Whg6KIbb4okU6Mql6BOj+uup/wKeA==
  dependencies:
    safe-buffer "~5.2.0"

three@^0.126.0:
  version "0.126.0"
  resolved "https://registry.yarnpkg.com/three/-/three-0.126.0.tgz#924818341cd4441ef247e3cbf236f6160b90a216"
  integrity sha512-/MecvboUefStCkUfXLImoJxthN+FoLPcEP7pz1r1Dd9i8BPGGuj+S1sOPRvW4Z+ViZjP2oWWm1inNC/MT52ybA==

tiny-lru@^7.0.0:
  version "7.0.6"
  resolved "https://registry.yarnpkg.com/tiny-lru/-/tiny-lru-7.0.6.tgz#b0c3cdede1e5882aa2d1ae21cb2ceccf2a331f24"
  integrity sha512-zNYO0Kvgn5rXzWpL0y3RS09sMK67eGaQj9805jlK9G6pSadfriTczzLHFXa/xcW4mIRfmlB9HyQ/+SgL0V1uow==

toidentifier@1.0.0:
  version "1.0.0"
  resolved "https://registry.yarnpkg.com/toidentifier/-/toidentifier-1.0.0.tgz#7e1be3470f1e77948bc43d94a3c8f4d7752ba553"
  integrity sha512-yaOH/Pk/VEhBWWTlhI+qXxDFXlejDGcQipMlyxda9nthulaxLZUNcUqFxokp0vcYnvteJln5FNQDRrxj3YcbVw==

tslib@^1.8.1, tslib@^1.9.0:
  version "1.14.1"
  resolved "https://registry.yarnpkg.com/tslib/-/tslib-1.14.1.tgz#cf2d38bdc34a134bcaf1091c41f6619e2f672d00"
  integrity sha512-Xni35NKzjgMrwevysHTCArtLDpPvye8zV/0E4EyYn43P7/7qvQwPh9BGkHewbMulVntbigmcT7rdX3BNo9wRJg==

tsutils@2.27.2:
  version "2.27.2"
  resolved "https://registry.yarnpkg.com/tsutils/-/tsutils-2.27.2.tgz#60ba88a23d6f785ec4b89c6e8179cac9b431f1c7"
  integrity sha512-qf6rmT84TFMuxAKez2pIfR8UCai49iQsfB7YWVjV1bKpy/d0PWT5rEOSM6La9PiHZ0k1RRZQiwVdVJfQ3BPHgg==
  dependencies:
    tslib "^1.8.1"

typescript@^4.2.2:
  version "4.2.2"
  resolved "https://registry.yarnpkg.com/typescript/-/typescript-4.2.2.tgz#1450f020618f872db0ea17317d16d8da8ddb8c4c"
  integrity sha512-tbb+NVrLfnsJy3M59lsDgrzWIflR4d4TIUjz+heUnHZwdF7YsrMTKoRERiIvI2lvBG95dfpLxB21WZhys1bgaQ==

uri-js@^4.2.2:
  version "4.4.1"
  resolved "https://registry.yarnpkg.com/uri-js/-/uri-js-4.4.1.tgz#9b1a52595225859e55f669d928f88c6c57f2a77e"
  integrity sha512-7rKUyy33Q1yc98pQ1DAmLtwX109F7TIfWlW1Ydo8Wl1ii1SeHieeh0HHfPeL2fMXK6z0s8ecKs9frCuLJvndBg==
  dependencies:
    punycode "^2.1.0"

url@^0.11.0:
  version "0.11.0"
  resolved "https://registry.yarnpkg.com/url/-/url-0.11.0.tgz#3838e97cfc60521eb73c525a8e55bfdd9e2e28f1"
  integrity sha1-ODjpfPxgUh63PFJajlW/3Z4uKPE=
  dependencies:
    punycode "1.3.2"
    querystring "0.2.0"

util-deprecate@^1.0.1:
  version "1.0.2"
  resolved "https://registry.yarnpkg.com/util-deprecate/-/util-deprecate-1.0.2.tgz#450d4dc9fa70de732762fbd2d4a28981419a0ccf"
  integrity sha1-RQ1Nyfpw3nMnYvvS1KKJgUGaDM8=

wrappy@1:
  version "1.0.2"
  resolved "https://registry.yarnpkg.com/wrappy/-/wrappy-1.0.2.tgz#b5243d8f3ec1aa35f1364605bc0d1036e30ab69f"
  integrity sha1-tSQ9jz7BqjXxNkYFvA0QNuMKtp8=

yallist@^4.0.0:
  version "4.0.0"
  resolved "https://registry.yarnpkg.com/yallist/-/yallist-4.0.0.tgz#9bb92790d9c0effec63be73519e11a35019a3a72"
  integrity sha512-3wdGidZyq5PB084XLES5TpOSRA3wjXAlIWMhum2kRcv/41Sn2emQ0dycQW4uZXLejwKvg6EsvbdlVL+FYEct7A==
